version = 1
revision = 3
requires-python = ">=3.14"

[[package]]
name = "bacasable"
version = "0.1.0"
source = { virtual = "." }
dependencies = [
    { name = "ddtrace" },
]

[package.metadata]
requires-dist = [{ name = "ddtrace", specifier = "==4.12.2" }]

[[package]]
name = "bytecode"
version = "0.18.1"
source = { registry = "https://pypi.org/simple" }
sdist = { url = "https://files.pythonhosted.org/packages/27/8f/7d12c539869a5cbd801d550b86cc0f030ecaeb12f57f8b3ff19f2d2a184c/bytecode-0.18.1.tar.gz", hash = "sha256:d9564f1565fe1ae6a1173e544ef43a85f093e83997ef45af65d0d250eb48d7a1", size = 104631, upload-time = "2026-06-03T14:17:59.115Z" }
wheels = [
    { url = "https://files.pythonhosted.org/packages/d9/ef/6a629424ec08adc3819ddfd7ec0a710361eaa29d1e5fffb4e02f074be5c9/bytecode-0.18.1-py3-none-any.whl", hash = "sha256:9535bfdd665260b2888ec4121569e3ca5106965a7fedbb6de6ba1bafebc5c7d7", size = 42868, upload-time = "2026-06-03T14:17:57.654Z" },
]

[[package]]
name = "ddtrace"
version = "4.12.2"
source = { registry = "https://pypi.org/simple" }
dependencies = [
    { name = "bytecode" },
    { name = "envier" },
    { name = "opentelemetry-api" },
    { name = "wrapt" },
]
sdist = { url = "https://files.pythonhosted.org/packages/19/28/3eba5a76a4e6e7e6324364e7d6ead58c464fb2b7015b1ffe0facba4c9cf6/ddtrace-4.12.2.tar.gz", hash = "sha256:a3cfa19ebd6b5c0f7c70c16da29d7bf5f50c0ab014ad3dc77e9c06a424ca2cfb", size = 2509893, upload-time = "2026-07-30T20:24:13.794Z" }
wheels = [
    { url = "https://files.pythonhosted.org/packages/40/69/0f3c4b384069f6d58ed42b4b38bb4e593f6403c324e20450557fbfd77f9a/ddtrace-4.12.2-cp314-cp314-macosx_14_0_arm64.whl", hash = "sha256:97bc4da78192477c6bf7ac93eb6a46c42bf98a248adcfc2c48a84aa04c295d97", size = 7266125, upload-time = "2026-07-30T20:23:07.704Z" },
    { url = "https://files.pythonhosted.org/packages/12/12/c477e8e29219216b57eaa3177c365cacd390878b8eb362980d6ad9d7eb2f/ddtrace-4.12.2-cp314-cp314-macosx_14_0_x86_64.whl", hash = "sha256:a42d6a44a26ee00f549ebd97266ab8f1336a661274a0de5380dbae2a0fc718f9", size = 7609073, upload-time = "2026-07-30T20:23:10.231Z" },
    { url = "https://files.pythonhosted.org/packages/e4/95/b1acc0330c4a5656582d9ea3755ca339776de492d5cd292704890faa19e1/ddtrace-4.12.2-cp314-cp314-manylinux2014_aarch64.manylinux_2_17_aarch64.whl", hash = "sha256:bd353b244d497791f656bbd0250cc40fcd4b9efee8647ebdce0f3604c3573a73", size = 8612650, upload-time = "2026-07-30T20:23:13.11Z" },
    { url = "https://files.pythonhosted.org/packages/c1/35/25d523e007a8c056215f8a6962bb47d14521cbab68bdbdbc2fbdd4599d80/ddtrace-4.12.2-cp314-cp314-manylinux2014_x86_64.manylinux_2_17_x86_64.whl", hash = "sha256:4cf754d2e00efff1a37af8e7cfab11d89ee2de72c9376e87e8a65b9aae95c8f8", size = 8839686, upload-time = "2026-07-30T20:23:16.365Z" },
    { url = "https://files.pythonhosted.org/packages/84/3d/1305b94eba5d41e3d2482c5d8420e50c91c055ef2cf03a47c6b26860b1e8/ddtrace-4.12.2-cp314-cp314-musllinux_1_2_aarch64.whl", hash = "sha256:2b4a6d6d7a8a33a17a44fd9b3b5d39ea7a9197acc308b44cb5ea1bef1df8b179", size = 9618852, upload-time = "2026-07-30T20:23:19.703Z" },
    { url = "https://files.pythonhosted.org/packages/09/87/58250f3045f979d1f80adb4f59798f032639c7eb3fd5b3f7621b7a63e805/ddtrace-4.12.2-cp314-cp314-musllinux_1_2_x86_64.whl", hash = "sha256:0a9541a7f1eae06e3bd9272400bbd19cff543ac39e98acc62050ae5f439783d3", size = 9908844, upload-time = "2026-07-30T20:23:22.79Z" },
    { url = "https://files.pythonhosted.org/packages/24/8e/fcd0e719cf887e1b3573ddebd76e410b240daccd6b23b209e3da929b6008/ddtrace-4.12.2-cp314-cp314-win32.whl", hash = "sha256:eeb4cb7fc5f98670d5799a1ccf58f39a0c21a6a96a4e5ac460608e6882e40539", size = 6541739, upload-time = "2026-07-30T20:23:25.873Z" },
    { url = "https://files.pythonhosted.org/packages/12/17/5c17621c4dfd039da196fdcf5fd4c6a3b2e0f513421033aaacf7b6a0a67a/ddtrace-4.12.2-cp314-cp314-win_amd64.whl", hash = "sha256:d521d3e250f93f4a4a1e4d1c6167985817c1e84e955cb989c13860a3b0f3180b", size = 7203723, upload-time = "2026-07-30T20:23:28.622Z" },
    { url = "https://files.pythonhosted.org/packages/36/ef/6848768f7028857f1ea5027c39d279f535ac15e86a7399631f431c437a90/ddtrace-4.12.2-cp314-cp314-win_arm64.whl", hash = "sha256:ac348854ea29fcf2b0926344c73bd8fe83c5b45631af8be37df3a80d4e034cf5", size = 7244153, upload-time = "2026-07-30T20:23:31.629Z" },
    { url = "https://files.pythonhosted.org/packages/25/e5/7505b88cee95d0d4764b66e317836629ef79dabcb460b68e5a0efe93b37f/ddtrace-4.12.2-cp315-cp315-manylinux2014_aarch64.manylinux_2_17_aarch64.whl", hash = "sha256:14a41919c1fd5cb934ff7292bcc40bf4034775a815c6843a53fff3825a35376b", size = 7207439, upload-time = "2026-07-30T20:23:34.399Z" },
    { url = "https://files.pythonhosted.org/packages/81/e4/70a59454d8e443fddd285c87a21aa5b05aea9c2aee91b1d22dbb60d2838b/ddtrace-4.12.2-cp315-cp315-manylinux2014_x86_64.manylinux_2_17_x86_64.whl", hash = "sha256:9a493d7ca2b94be26ad3e9eb72f6498ceca35fc88e3961633d480f6e26bea541", size = 7404140, upload-time = "2026-07-30T20:23:37.202Z" },
    { url = "https://files.pythonhosted.org/packages/d0/3e/12b528298bbab1f3225eb9c15e92897db345265eb089f72bf13a214f856d/ddtrace-4.12.2-cp315-cp315-musllinux_1_2_aarch64.whl", hash = "sha256:4d9d8bfdffc9738b5047f0e966a21382fc0b18ad9882d91f003e8f3bd806d4e6", size = 8219742, upload-time = "2026-07-30T20:23:40.442Z" },
    { url = "https://files.pythonhosted.org/packages/68/5b/8cbf5f7fda30132ed18bc5de031256a4320033f9ad8dc267f38d484f0e33/ddtrace-4.12.2-cp315-cp315-musllinux_1_2_x86_64.whl", hash = "sha256:a476961e2231dfbef2b865755165d3f3b9908d5ab277c253f60e7b84fb331477", size = 8473590, upload-time = "2026-07-30T20:23:43.584Z" },
]

[[package]]
name = "envier"
version = "0.6.1"
source = { registry = "https://pypi.org/simple" }
sdist = { url = "https://files.pythonhosted.org/packages/19/e7/4fe4d3f6e21213cea9bcddc36ba60e6ae4003035f9ce8055e6a9f0322ddb/envier-0.6.1.tar.gz", hash = "sha256:3309a01bb3d8850c9e7a31a5166d5a836846db2faecb79b9cb32654dd50ca9f9", size = 10063, upload-time = "2024-10-22T09:56:47.226Z" }
wheels = [
    { url = "https://files.pythonhosted.org/packages/56/e9/30493b1cc967f7c07869de4b2ab3929151a58e6bb04495015554d24b61db/envier-0.6.1-py3-none-any.whl", hash = "sha256:73609040a76be48bbcb97074d9969666484aa0de706183a6e9ef773156a8a6a9", size = 10638, upload-time = "2024-10-22T09:56:45.968Z" },
]

[[package]]
name = "opentelemetry-api"
version = "1.44.0"
source = { registry = "https://pypi.org/simple" }
dependencies = [
    { name = "typing-extensions" },
]
sdist = { url = "https://files.pythonhosted.org/packages/ee/8b/aa9e2d8b8dfa7c946f7dec5d1f8f6ba8eca062f43509a06bdb5ce93d26c0/opentelemetry_api-1.44.0.tar.gz", hash = "sha256:67647e5e9566edcf421166fdf022b3537f818635daa852b289e34604dc6fb33a", size = 72406, upload-time = "2026-07-16T15:25:32.678Z" }
wheels = [
    { url = "https://files.pythonhosted.org/packages/ca/6f/a04e900f465ff3221ccc395522503e2d10e79fa21f2723c8e177aae1e0d1/opentelemetry_api-1.44.0-py3-none-any.whl", hash = "sha256:94b98c893a91b88657eaac1e3ba89618cdb85be6918196705354f34728b2cdef", size = 60018, upload-time = "2026-07-16T15:25:11.657Z" },
]

[[package]]
name = "typing-extensions"
version = "4.16.0"
source = { registry = "https://pypi.org/simple" }
sdist = { url = "https://files.pythonhosted.org/packages/f6/cc/6253133b5bb138fc3306cebfbda2c520f545d36b5be2c7255cc528bb45d6/typing_extensions-4.16.0.tar.gz", hash = "sha256:dc983d19a509c94dba722ee6abd33940f7c05a89e243c47e907eb4db6f1a43e5", size = 113555, upload-time = "2026-07-02T08:40:05.92Z" }
wheels = [
    { url = "https://files.pythonhosted.org/packages/49/d3/b8441a820a491ddfc024b0b0cf0393375b75ea13866d9c66727e54c2fc80/typing_extensions-4.16.0-py3-none-any.whl", hash = "sha256:481caa481374e813c1b176ada14e97f1f67a4539ce9cfeb3f350d78d6370c2e8", size = 45571, upload-time = "2026-07-02T08:40:04.659Z" },
]

[[package]]
name = "wrapt"
version = "2.2.2"
source = { registry = "https://pypi.org/simple" }
sdist = { url = "https://files.pythonhosted.org/packages/fe/a4/282c8e64300a59fc834518a54bf0afabb4ff9218b5fa76958b450459a844/wrapt-2.2.2.tar.gz", hash = "sha256:0788e321027c999bf221b667bd4a54aaefd1a36283749a860ac3eb77daed0302", size = 129068, upload-time = "2026-06-20T23:49:44.49Z" }
wheels = [
    { url = "https://files.pythonhosted.org/packages/24/05/7fd9c3f83b2c74cbfc572a0b88aa37431e04bd8aed70d2c0efd3464206de/wrapt-2.2.2-cp314-cp314-macosx_10_15_x86_64.whl", hash = "sha256:0e64826f920c42d9d9f87e8cc09ffae66c51ede12d59061a5a426deb9aa71745", size = 81341, upload-time = "2026-06-20T23:48:49.39Z" },
    { url = "https://files.pythonhosted.org/packages/4b/68/1bfa43100dd90d4ef74a05897b86275cf57e1313ca14aae2545bc9f872c9/wrapt-2.2.2-cp314-cp314-macosx_11_0_arm64.whl", hash = "sha256:dcaa5e1451bd8751d7bd1568dfa3321c78092a52a7ecb5d1a0f18a5791e1fd00", size = 81921, upload-time = "2026-06-20T23:48:50.986Z" },
    { url = "https://files.pythonhosted.org/packages/74/eb/df7b7f0b631dbbc750f39be27d8b55f65777d8ac86da80e12be41a644c4b/wrapt-2.2.2-cp314-cp314-manylinux1_x86_64.manylinux_2_28_x86_64.manylinux_2_5_x86_64.whl", hash = "sha256:0abfd648dac9ac9c5b3aa9b523d27f1789046640b58dcd5652a720ddb325e1fc", size = 167713, upload-time = "2026-06-20T23:48:52.598Z" },
    { url = "https://files.pythonhosted.org/packages/4d/9a/d1bd36f6d088c8e652a9383cabbd49af30b8c576302a7eccddbab6963e3f/wrapt-2.2.2-cp314-cp314-manylinux2014_aarch64.manylinux_2_17_aarch64.manylinux_2_28_aarch64.whl", hash = "sha256:f4bfd8d1eb438153eff8b8cfe87f032ba65731e1ce06138b5090f745a33f6f95", size = 166779, upload-time = "2026-06-20T23:48:54.33Z" },
    { url = "https://files.pythonhosted.org/packages/4c/ae/24ffacd4187fac2740a1972093929e836dea092d42c87d728cd98fee11a6/wrapt-2.2.2-cp314-cp314-manylinux_2_31_riscv64.manylinux_2_39_riscv64.whl", hash = "sha256:c427c9d06d859848a69f0d928fe28b5c33a941b2265d10a0e1f15cd244f1ee33", size = 158407, upload-time = "2026-06-20T23:48:55.944Z" },
    { url = "https://files.pythonhosted.org/packages/a3/ed/974427668249a356051e8d67d47fa54ef6c777f0fcf3bae9d292c047d4b6/wrapt-2.2.2-cp314-cp314-musllinux_1_2_aarch64.whl", hash = "sha256:4250b43d1a129d947e083c4dc6baf333c9bb34edd26f912d5b0457841fc858ab", size = 166594, upload-time = "2026-06-20T23:48:57.617Z" },
    { url = "https://files.pythonhosted.org/packages/fb/5f/e1d7c6e4523f78db2fbd7826babd0348da1d5e0834c4f918b9ab5757dfae/wrapt-2.2.2-cp314-cp314-musllinux_1_2_riscv64.whl", hash = "sha256:173e5bb5ca350a6e0abab60b7ec7cdd7992a814cb14b4de670a28f067f105663", size = 157068, upload-time = "2026-06-20T23:48:59.171Z" },
    { url = "https://files.pythonhosted.org/packages/1e/c1/7ebd1027f00700c0b0233b20aceef2b4784294ed64971424c4a78e069e34/wrapt-2.2.2-cp314-cp314-musllinux_1_2_x86_64.whl", hash = "sha256:aa14b01804bce36c6d63d7b6a4f55df390f29f8648cc13a1f40b166f4d54680d", size = 166470, upload-time = "2026-06-20T23:49:00.737Z" },
    { url = "https://files.pythonhosted.org/packages/99/eb/974e471a6a978b8180186b8a9dc5ae3361ce269a967190b709b8ce17abfb/wrapt-2.2.2-cp314-cp314-win32.whl", hash = "sha256:58f9f8d637c9a6e245c6ef5b109b67ec187d2faed23d1405656b51d96e0a5b56", size = 78062, upload-time = "2026-06-20T23:49:02.327Z" },
    { url = "https://files.pythonhosted.org/packages/49/ec/e1281156cdc7a66693838ad7a0865ad641c74abd337a957d668b575aaffb/wrapt-2.2.2-cp314-cp314-win_amd64.whl", hash = "sha256:385cb1866f20479e83299af585375bfa0a4b0c6c9907a981483ea782ea8ae406", size = 80832, upload-time = "2026-06-20T23:49:03.837Z" },
    { url = "https://files.pythonhosted.org/packages/45/7d/1b6b5ddd94005a2dac97a4490c9838f3154977850d633abcb65b30089437/wrapt-2.2.2-cp314-cp314-win_arm64.whl", hash = "sha256:8ffbeaea6771a6eba6e6eeb09767864995726bc8240bb54baf88a9bb1db34d5c", size = 80029, upload-time = "2026-06-20T23:49:05.237Z" },
    { url = "https://files.pythonhosted.org/packages/b0/33/9ebcf8aafe91c601127cbd93708c16aa8f688f34a10bf004046803ecdc4f/wrapt-2.2.2-cp314-cp314t-macosx_10_15_x86_64.whl", hash = "sha256:09f811d43f6f33ec7515f0be76b159569f4057ab54d3e079c3204dddb90afa2a", size = 83357, upload-time = "2026-06-20T23:49:06.632Z" },
    { url = "https://files.pythonhosted.org/packages/39/38/ec45b635153327b52e52732a0ea980e5f00b7efba65f9e018828f1e69daa/wrapt-2.2.2-cp314-cp314t-macosx_11_0_arm64.whl", hash = "sha256:a795d3c06e5fbf9ea2f13196180b77aeab1b4685917256ee0d014cc163d90063", size = 83794, upload-time = "2026-06-20T23:49:08.098Z" },
    { url = "https://files.pythonhosted.org/packages/4e/ea/1a89e6d3b7a83c3affe5c09cde77792c947e63e4bc85ad84cd5bb9abb0d8/wrapt-2.2.2-cp314-cp314t-manylinux1_x86_64.manylinux_2_28_x86_64.manylinux_2_5_x86_64.whl", hash = "sha256:45c2f2768e790c9f8db90f239ef23a2af8e7570f25a35619ef902df4a738447f", size = 203362, upload-time = "2026-06-20T23:49:09.811Z" },
    { url = "https://files.pythonhosted.org/packages/19/d8/3b58763d9863b5a73771c0d97110f9595d248db454009e07e1535ee905a4/wrapt-2.2.2-cp314-cp314t-manylinux2014_aarch64.manylinux_2_17_aarch64.manylinux_2_28_aarch64.whl", hash = "sha256:bbf00ee0cb55ec24e2b0995a71942b85b21a066db8f3f46e1dbfdb9433ffba81", size = 210449, upload-time = "2026-06-20T23:49:11.521Z" },
    { url = "https://files.pythonhosted.org/packages/2d/6f/17fd9e053103d8be148d20d5d7505facc72d5fe1f9127973904ceaed79cf/wrapt-2.2.2-cp314-cp314t-manylinux_2_31_riscv64.manylinux_2_39_riscv64.whl", hash = "sha256:2252f77663651b89255895f58cc6ac08fcb206d4371813e5af61bb62d4f7689c", size = 195349, upload-time = "2026-06-20T23:49:13.346Z" },
    { url = "https://files.pythonhosted.org/packages/ef/04/d0d1ccaaa12cb7dccf28a23f0279a608ba498f71e81d949d5ed54bcfd5c1/wrapt-2.2.2-cp314-cp314t-musllinux_1_2_aarch64.whl", hash = "sha256:2cd7181ab1c31192ff5219269830744b5a62020b3a6d433588c4f1c95b8f8bff", size = 206099, upload-time = "2026-06-20T23:49:15.051Z" },
    { url = "https://files.pythonhosted.org/packages/44/b3/e8aa07b619890a2aa6cde1931b1887abb08820721b564a5f80b7ca3f3aa0/wrapt-2.2.2-cp314-cp314t-musllinux_1_2_riscv64.whl", hash = "sha256:6fe35fd51b74867d8b80174c277bd6bbf6a73e443f908129dc531c4b688a20d5", size = 192728, upload-time = "2026-06-20T23:49:16.854Z" },
    { url = "https://files.pythonhosted.org/packages/b7/f0/1819fb50f0d3c9bd758d8a83b56f1b470dee8b5b8eac8702b7c137cea9d4/wrapt-2.2.2-cp314-cp314t-musllinux_1_2_x86_64.whl", hash = "sha256:11d95fc2fbad3163596c39d440e6f21ca9fccece74b56e30a37ac2fca786a07c", size = 198842, upload-time = "2026-06-20T23:49:18.504Z" },
    { url = "https://files.pythonhosted.org/packages/67/7c/e88313f16a99930b899ef970d91c281544a470749a359decad994483bbda/wrapt-2.2.2-cp314-cp314t-win32.whl", hash = "sha256:d8a15813215f33fa83667bfc978b300e35669ea8bb424e970a1426bcb7bc6cca", size = 79059, upload-time = "2026-06-20T23:49:20.107Z" },
    { url = "https://files.pythonhosted.org/packages/a0/4f/ac12fda57a55068a094ec42851fb0a40e8489d8941863d517452de62e507/wrapt-2.2.2-cp314-cp314t-win_amd64.whl", hash = "sha256:d09db0f7e8357060d3c38fc22a018aba683a796bf184360fd1a58f6fc180dc77", size = 82462, upload-time = "2026-06-20T23:49:21.631Z" },
    { url = "https://files.pythonhosted.org/packages/48/a7/df732dac86d9b2027c56bd163dbc883e037b16c3469614752e148d219c61/wrapt-2.2.2-cp314-cp314t-win_arm64.whl", hash = "sha256:f32fe639c39561ccc187bcae17e9271be0eb45f1c2952510d2f29b33ab577347", size = 81182, upload-time = "2026-06-20T23:49:23.199Z" },
    { url = "https://files.pythonhosted.org/packages/6e/d2/6317eb6d4554855bbf12d61857774af34747bf88a42c19bf306de67e2fa3/wrapt-2.2.2-py3-none-any.whl", hash = "sha256:5bad217350f19ce99ca5b5e71d406765ea86fe541628426772b657375ee1c048", size = 61460, upload-time = "2026-06-20T23:49:42.966Z" },
]
