version = 1
revision = 3
requires-python = ">=3.14"

[[package]]
name = "bacasable"
version = "0.1.0"
source = { virtual = "." }
dependencies = [
    { name = "ddtrace" },
]

[package.metadata]
requires-dist = [{ name = "ddtrace", specifier = "==3.19.0" }]

[[package]]
name = "bytecode"
version = "0.17.0"
source = { registry = "https://pypi.org/simple" }
sdist = { url = "https://files.pythonhosted.org/packages/98/c4/4818b392104bd426171fc2ce9c79c8edb4019ba6505747626d0f7107766c/bytecode-0.17.0.tar.gz", hash = "sha256:0c37efa5bd158b1b873f530cceea2c645611d55bd2dc2a4758b09f185749b6fd", size = 105863, upload-time = "2025-09-03T19:55:45.703Z" }
wheels = [
    { url = "https://files.pythonhosted.org/packages/ce/80/379e685099841f8501a19fb58b496512ef432331fed38276c3938ab09d8e/bytecode-0.17.0-py3-none-any.whl", hash = "sha256:64fb10cde1db7ef5cc39bd414ecebd54ba3b40e1c4cf8121ca5e72f170916ff8", size = 43045, upload-time = "2025-09-03T19:55:43.879Z" },
]

[[package]]
name = "ddtrace"
version = "3.19.0"
source = { registry = "https://pypi.org/simple" }
dependencies = [
    { name = "bytecode" },
    { name = "envier" },
    { name = "opentelemetry-api" },
    { name = "wrapt" },
]
sdist = { url = "https://files.pythonhosted.org/packages/c1/4b/1020dd082065a0cd77ad99e8aa17871644fe651df88d3406d0fbed71e373/ddtrace-3.19.0.tar.gz", hash = "sha256:9c2f68abf4e547e1c00804be63919c6162803960fb08b566146d3372a7d19d66", size = 7613454, upload-time = "2025-11-21T02:06:36.577Z" }
wheels = [
    { url = "https://files.pythonhosted.org/packages/2f/42/8cb8bf924f0f9d998c7ee5695654e372d4ce67f37f9d0042a65eef34b720/ddtrace-3.19.0-cp314-cp314-macosx_12_0_arm64.whl", hash = "sha256:59e8254733feb407df0833044ff2142c84c4557111f8ea8c3ffff72e96eb8938", size = 6172063, upload-time = "2025-11-21T02:04:59.177Z" },
    { url = "https://files.pythonhosted.org/packages/63/39/9eaebd38bf02f4fdaf1cc07b0392522b11a62e573889e55530aadeecd872/ddtrace-3.19.0-cp314-cp314-macosx_12_0_x86_64.whl", hash = "sha256:cdb558d201fb64481ac0a0e43403bd4e4290a7a9c0d39a1a2a36696a4bc5a5ff", size = 6469049, upload-time = "2025-11-21T02:05:01.917Z" },
    { url = "https://files.pythonhosted.org/packages/f9/cd/9e72f9843730f7160d37f777724328267e3d3f592320ffddf37ccce8a126/ddtrace-3.19.0-cp314-cp314-manylinux2014_aarch64.manylinux_2_17_aarch64.whl", hash = "sha256:ccb70099d77fb07c38ba176561154bb380c0194223ac859dcab5d38181b2ea93", size = 7170776, upload-time = "2025-11-21T02:05:04.919Z" },
    { url = "https://files.pythonhosted.org/packages/6a/ba/c938e46a090323c9a1a0be31e3df9d9a70b306110aff3720ac899a03ca19/ddtrace-3.19.0-cp314-cp314-manylinux2014_x86_64.manylinux_2_17_x86_64.whl", hash = "sha256:c644a89cdfa5b484c24ec0aff4a447ed4932920d695a47ceb72de6132b88f1f7", size = 7390319, upload-time = "2025-11-21T02:05:07.538Z" },
    { url = "https://files.pythonhosted.org/packages/b4/02/013f4028c0de792b5c17a6d738b04dee5a6b3d54be9789088769639c3f3e/ddtrace-3.19.0-cp314-cp314-manylinux_2_28_i686.whl", hash = "sha256:f65c4d9eee8ac8682457f31f686fad48e91f0c05da91db33d6c2d8f49977c68b", size = 5583585, upload-time = "2025-11-21T02:05:10.318Z" },
    { url = "https://files.pythonhosted.org/packages/6a/90/b55f44f6e0f40a0ba24fd3263686f4d26786f72562e47eaf994d3635973e/ddtrace-3.19.0-cp314-cp314-musllinux_1_2_aarch64.whl", hash = "sha256:70fb9c2cc2e3d10838aaa5804de5bd5f70bf73636390b160e8ac108b0e785f17", size = 8138398, upload-time = "2025-11-21T02:05:13.05Z" },
    { url = "https://files.pythonhosted.org/packages/10/da/c05ccc5e47871f04fa984800345f1599da824a6cea0d24a6aafd1458df51/ddtrace-3.19.0-cp314-cp314-musllinux_1_2_i686.whl", hash = "sha256:74b9c37360a66cf6f5de94a7f8c883a93d12a4e666d6e2904d8070eae01602a7", size = 6661069, upload-time = "2025-11-21T02:05:15.798Z" },
    { url = "https://files.pythonhosted.org/packages/37/c7/f0ba9cd5f27472fa32f778cdeb16ad74c3173ef57f3b82f3406d13893f48/ddtrace-3.19.0-cp314-cp314-musllinux_1_2_x86_64.whl", hash = "sha256:5929c7785b12c8e22a17c3cfe22aec888246ee400b7b26209a3a89bb5d2c5da9", size = 8525991, upload-time = "2025-11-21T02:05:18.626Z" },
    { url = "https://files.pythonhosted.org/packages/0c/3a/fc589b2905929fcef11f9a21a965d9e16344b36aeb70ed2c4e8f7fd1eedd/ddtrace-3.19.0-cp314-cp314-win32.whl", hash = "sha256:863f4d8b0105516f9b97af570cb9f61e1b3e0c262472bcaf7e73cac48235a614", size = 5182359, upload-time = "2025-11-21T02:05:21.893Z" },
    { url = "https://files.pythonhosted.org/packages/cd/52/1b2151c69e944578f3af595f3ea1a7bccff0da6636c2a0b2b2afd02a2249/ddtrace-3.19.0-cp314-cp314-win_amd64.whl", hash = "sha256:af9cc2f7f9f6a8c7a72f330235e8d39214878a25d292887346428787158b0c92", size = 5767980, upload-time = "2025-11-21T02:05:24.606Z" },
    { url = "https://files.pythonhosted.org/packages/82/77/9672e1d400de1f211aad974ef7ecdf5d922fa186a3bee3c70c732808c93e/ddtrace-3.19.0-cp314-cp314-win_arm64.whl", hash = "sha256:27f9d271eed0d0c349c6e739218ff6ed7ed01f6d9981d1810355b2f247a63d6e", size = 5488486, upload-time = "2025-11-21T02:05:27.76Z" },
]

[[package]]
name = "envier"
version = "0.6.1"
source = { registry = "https://pypi.org/simple" }
sdist = { url = "https://files.pythonhosted.org/packages/19/e7/4fe4d3f6e21213cea9bcddc36ba60e6ae4003035f9ce8055e6a9f0322ddb/envier-0.6.1.tar.gz", hash = "sha256:3309a01bb3d8850c9e7a31a5166d5a836846db2faecb79b9cb32654dd50ca9f9", size = 10063, upload-time = "2024-10-22T09:56:47.226Z" }
wheels = [
    { url = "https://files.pythonhosted.org/packages/56/e9/30493b1cc967f7c07869de4b2ab3929151a58e6bb04495015554d24b61db/envier-0.6.1-py3-none-any.whl", hash = "sha256:73609040a76be48bbcb97074d9969666484aa0de706183a6e9ef773156a8a6a9", size = 10638, upload-time = "2024-10-22T09:56:45.968Z" },
]

[[package]]
name = "importlib-metadata"
version = "8.7.1"
source = { registry = "https://pypi.org/simple" }
dependencies = [
    { name = "zipp" },
]
sdist = { url = "https://files.pythonhosted.org/packages/f3/49/3b30cad09e7771a4982d9975a8cbf64f00d4a1ececb53297f1d9a7be1b10/importlib_metadata-8.7.1.tar.gz", hash = "sha256:49fef1ae6440c182052f407c8d34a68f72efc36db9ca90dc0113398f2fdde8bb", size = 57107, upload-time = "2025-12-21T10:00:19.278Z" }
wheels = [
    { url = "https://files.pythonhosted.org/packages/fa/5e/f8e9a1d23b9c20a551a8a02ea3637b4642e22c2626e3a13a9a29cdea99eb/importlib_metadata-8.7.1-py3-none-any.whl", hash = "sha256:5a1f80bf1daa489495071efbb095d75a634cf28a8bc299581244063b53176151", size = 27865, upload-time = "2025-12-21T10:00:18.329Z" },
]

[[package]]
name = "opentelemetry-api"
version = "1.39.1"
source = { registry = "https://pypi.org/simple" }
dependencies = [
    { name = "importlib-metadata" },
    { name = "typing-extensions" },
]
sdist = { url = "https://files.pythonhosted.org/packages/97/b9/3161be15bb8e3ad01be8be5a968a9237c3027c5be504362ff800fca3e442/opentelemetry_api-1.39.1.tar.gz", hash = "sha256:fbde8c80e1b937a2c61f20347e91c0c18a1940cecf012d62e65a7caf08967c9c", size = 65767, upload-time = "2025-12-11T13:32:39.182Z" }
wheels = [
    { url = "https://files.pythonhosted.org/packages/cf/df/d3f1ddf4bb4cb50ed9b1139cc7b1c54c34a1e7ce8fd1b9a37c0d1551a6bd/opentelemetry_api-1.39.1-py3-none-any.whl", hash = "sha256:2edd8463432a7f8443edce90972169b195e7d6a05500cd29e6d13898187c9950", size = 66356, upload-time = "2025-12-11T13:32:17.304Z" },
]

[[package]]
name = "typing-extensions"
version = "4.15.0"
source = { registry = "https://pypi.org/simple" }
sdist = { url = "https://files.pythonhosted.org/packages/72/94/1a15dd82efb362ac84269196e94cf00f187f7ed21c242792a923cdb1c61f/typing_extensions-4.15.0.tar.gz", hash = "sha256:0cea48d173cc12fa28ecabc3b837ea3cf6f38c6d1136f85cbaaf598984861466", size = 109391, upload-time = "2025-08-25T13:49:26.313Z" }
wheels = [
    { url = "https://files.pythonhosted.org/packages/18/67/36e9267722cc04a6b9f15c7f3441c2363321a3ea07da7ae0c0707beb2a9c/typing_extensions-4.15.0-py3-none-any.whl", hash = "sha256:f0fa19c6845758ab08074a0cfa8b7aecb71c999ca73d62883bc25cc018c4e548", size = 44614, upload-time = "2025-08-25T13:49:24.86Z" },
]

[[package]]
name = "wrapt"
version = "2.0.1"
source = { registry = "https://pypi.org/simple" }
sdist = { url = "https://files.pythonhosted.org/packages/49/2a/6de8a50cb435b7f42c46126cf1a54b2aab81784e74c8595c8e025e8f36d3/wrapt-2.0.1.tar.gz", hash = "sha256:9c9c635e78497cacb81e84f8b11b23e0aacac7a136e73b8e5b2109a1d9fc468f", size = 82040, upload-time = "2025-11-07T00:45:33.312Z" }
wheels = [
    { url = "https://files.pythonhosted.org/packages/73/81/d08d83c102709258e7730d3cd25befd114c60e43ef3891d7e6877971c514/wrapt-2.0.1-cp314-cp314-macosx_10_13_universal2.whl", hash = "sha256:5e53b428f65ece6d9dad23cb87e64506392b720a0b45076c05354d27a13351a1", size = 78290, upload-time = "2025-11-07T00:44:34.691Z" },
    { url = "https://files.pythonhosted.org/packages/f6/14/393afba2abb65677f313aa680ff0981e829626fed39b6a7e3ec807487790/wrapt-2.0.1-cp314-cp314-macosx_10_13_x86_64.whl", hash = "sha256:ad3ee9d0f254851c71780966eb417ef8e72117155cff04821ab9b60549694a55", size = 61255, upload-time = "2025-11-07T00:44:35.762Z" },
    { url = "https://files.pythonhosted.org/packages/c4/10/a4a1f2fba205a9462e36e708ba37e5ac95f4987a0f1f8fd23f0bf1fc3b0f/wrapt-2.0.1-cp314-cp314-macosx_11_0_arm64.whl", hash = "sha256:d7b822c61ed04ee6ad64bc90d13368ad6eb094db54883b5dde2182f67a7f22c0", size = 61797, upload-time = "2025-11-07T00:44:37.22Z" },
    { url = "https://files.pythonhosted.org/packages/12/db/99ba5c37cf1c4fad35349174f1e38bd8d992340afc1ff27f526729b98986/wrapt-2.0.1-cp314-cp314-manylinux1_x86_64.manylinux_2_28_x86_64.manylinux_2_5_x86_64.whl", hash = "sha256:7164a55f5e83a9a0b031d3ffab4d4e36bbec42e7025db560f225489fa929e509", size = 120470, upload-time = "2025-11-07T00:44:39.425Z" },
    { url = "https://files.pythonhosted.org/packages/30/3f/a1c8d2411eb826d695fc3395a431757331582907a0ec59afce8fe8712473/wrapt-2.0.1-cp314-cp314-manylinux2014_aarch64.manylinux_2_17_aarch64.manylinux_2_28_aarch64.whl", hash = "sha256:e60690ba71a57424c8d9ff28f8d006b7ad7772c22a4af432188572cd7fa004a1", size = 122851, upload-time = "2025-11-07T00:44:40.582Z" },
    { url = "https://files.pythonhosted.org/packages/b3/8d/72c74a63f201768d6a04a8845c7976f86be6f5ff4d74996c272cefc8dafc/wrapt-2.0.1-cp314-cp314-manylinux_2_31_riscv64.manylinux_2_39_riscv64.whl", hash = "sha256:3cd1a4bd9a7a619922a8557e1318232e7269b5fb69d4ba97b04d20450a6bf970", size = 117433, upload-time = "2025-11-07T00:44:38.313Z" },
    { url = "https://files.pythonhosted.org/packages/c7/5a/df37cf4042cb13b08256f8e27023e2f9b3d471d553376616591bb99bcb31/wrapt-2.0.1-cp314-cp314-musllinux_1_2_aarch64.whl", hash = "sha256:b4c2e3d777e38e913b8ce3a6257af72fb608f86a1df471cb1d4339755d0a807c", size = 121280, upload-time = "2025-11-07T00:44:41.69Z" },
    { url = "https://files.pythonhosted.org/packages/54/34/40d6bc89349f9931e1186ceb3e5fbd61d307fef814f09fbbac98ada6a0c8/wrapt-2.0.1-cp314-cp314-musllinux_1_2_riscv64.whl", hash = "sha256:3d366aa598d69416b5afedf1faa539fac40c1d80a42f6b236c88c73a3c8f2d41", size = 116343, upload-time = "2025-11-07T00:44:43.013Z" },
    { url = "https://files.pythonhosted.org/packages/70/66/81c3461adece09d20781dee17c2366fdf0cb8754738b521d221ca056d596/wrapt-2.0.1-cp314-cp314-musllinux_1_2_x86_64.whl", hash = "sha256:c235095d6d090aa903f1db61f892fffb779c1eaeb2a50e566b52001f7a0f66ed", size = 119650, upload-time = "2025-11-07T00:44:44.523Z" },
    { url = "https://files.pythonhosted.org/packages/46/3a/d0146db8be8761a9e388cc9cc1c312b36d583950ec91696f19bbbb44af5a/wrapt-2.0.1-cp314-cp314-win32.whl", hash = "sha256:bfb5539005259f8127ea9c885bdc231978c06b7a980e63a8a61c8c4c979719d0", size = 58701, upload-time = "2025-11-07T00:44:48.277Z" },
    { url = "https://files.pythonhosted.org/packages/1a/38/5359da9af7d64554be63e9046164bd4d8ff289a2dd365677d25ba3342c08/wrapt-2.0.1-cp314-cp314-win_amd64.whl", hash = "sha256:4ae879acc449caa9ed43fc36ba08392b9412ee67941748d31d94e3cedb36628c", size = 60947, upload-time = "2025-11-07T00:44:46.086Z" },
    { url = "https://files.pythonhosted.org/packages/aa/3f/96db0619276a833842bf36343685fa04f987dd6e3037f314531a1e00492b/wrapt-2.0.1-cp314-cp314-win_arm64.whl", hash = "sha256:8639b843c9efd84675f1e100ed9e99538ebea7297b62c4b45a7042edb84db03e", size = 59359, upload-time = "2025-11-07T00:44:47.164Z" },
    { url = "https://files.pythonhosted.org/packages/71/49/5f5d1e867bf2064bf3933bc6cf36ade23505f3902390e175e392173d36a2/wrapt-2.0.1-cp314-cp314t-macosx_10_13_universal2.whl", hash = "sha256:9219a1d946a9b32bb23ccae66bdb61e35c62773ce7ca6509ceea70f344656b7b", size = 82031, upload-time = "2025-11-07T00:44:49.4Z" },
    { url = "https://files.pythonhosted.org/packages/2b/89/0009a218d88db66ceb83921e5685e820e2c61b59bbbb1324ba65342668bc/wrapt-2.0.1-cp314-cp314t-macosx_10_13_x86_64.whl", hash = "sha256:fa4184e74197af3adad3c889a1af95b53bb0466bced92ea99a0c014e48323eec", size = 62952, upload-time = "2025-11-07T00:44:50.74Z" },
    { url = "https://files.pythonhosted.org/packages/ae/18/9b968e920dd05d6e44bcc918a046d02afea0fb31b2f1c80ee4020f377cbe/wrapt-2.0.1-cp314-cp314t-macosx_11_0_arm64.whl", hash = "sha256:c5ef2f2b8a53b7caee2f797ef166a390fef73979b15778a4a153e4b5fedce8fa", size = 63688, upload-time = "2025-11-07T00:44:52.248Z" },
    { url = "https://files.pythonhosted.org/packages/a6/7d/78bdcb75826725885d9ea26c49a03071b10c4c92da93edda612910f150e4/wrapt-2.0.1-cp314-cp314t-manylinux1_x86_64.manylinux_2_28_x86_64.manylinux_2_5_x86_64.whl", hash = "sha256:e042d653a4745be832d5aa190ff80ee4f02c34b21f4b785745eceacd0907b815", size = 152706, upload-time = "2025-11-07T00:44:54.613Z" },
    { url = "https://files.pythonhosted.org/packages/dd/77/cac1d46f47d32084a703df0d2d29d47e7eb2a7d19fa5cbca0e529ef57659/wrapt-2.0.1-cp314-cp314t-manylinux2014_aarch64.manylinux_2_17_aarch64.manylinux_2_28_aarch64.whl", hash = "sha256:2afa23318136709c4b23d87d543b425c399887b4057936cd20386d5b1422b6fa", size = 158866, upload-time = "2025-11-07T00:44:55.79Z" },
    { url = "https://files.pythonhosted.org/packages/8a/11/b521406daa2421508903bf8d5e8b929216ec2af04839db31c0a2c525eee0/wrapt-2.0.1-cp314-cp314t-manylinux_2_31_riscv64.manylinux_2_39_riscv64.whl", hash = "sha256:6c72328f668cf4c503ffcf9434c2b71fdd624345ced7941bc6693e61bbe36bef", size = 146148, upload-time = "2025-11-07T00:44:53.388Z" },
    { url = "https://files.pythonhosted.org/packages/0c/c0/340b272bed297baa7c9ce0c98ef7017d9c035a17a6a71dce3184b8382da2/wrapt-2.0.1-cp314-cp314t-musllinux_1_2_aarch64.whl", hash = "sha256:3793ac154afb0e5b45d1233cb94d354ef7a983708cc3bb12563853b1d8d53747", size = 155737, upload-time = "2025-11-07T00:44:56.971Z" },
    { url = "https://files.pythonhosted.org/packages/f3/93/bfcb1fb2bdf186e9c2883a4d1ab45ab099c79cbf8f4e70ea453811fa3ea7/wrapt-2.0.1-cp314-cp314t-musllinux_1_2_riscv64.whl", hash = "sha256:fec0d993ecba3991645b4857837277469c8cc4c554a7e24d064d1ca291cfb81f", size = 144451, upload-time = "2025-11-07T00:44:58.515Z" },
    { url = "https://files.pythonhosted.org/packages/d2/6b/dca504fb18d971139d232652656180e3bd57120e1193d9a5899c3c0b7cdd/wrapt-2.0.1-cp314-cp314t-musllinux_1_2_x86_64.whl", hash = "sha256:949520bccc1fa227274da7d03bf238be15389cd94e32e4297b92337df9b7a349", size = 150353, upload-time = "2025-11-07T00:44:59.753Z" },
    { url = "https://files.pythonhosted.org/packages/1d/f6/a1de4bd3653afdf91d250ca5c721ee51195df2b61a4603d4b373aa804d1d/wrapt-2.0.1-cp314-cp314t-win32.whl", hash = "sha256:be9e84e91d6497ba62594158d3d31ec0486c60055c49179edc51ee43d095f79c", size = 60609, upload-time = "2025-11-07T00:45:03.315Z" },
    { url = "https://files.pythonhosted.org/packages/01/3a/07cd60a9d26fe73efead61c7830af975dfdba8537632d410462672e4432b/wrapt-2.0.1-cp314-cp314t-win_amd64.whl", hash = "sha256:61c4956171c7434634401db448371277d07032a81cc21c599c22953374781395", size = 64038, upload-time = "2025-11-07T00:45:00.948Z" },
    { url = "https://files.pythonhosted.org/packages/41/99/8a06b8e17dddbf321325ae4eb12465804120f699cd1b8a355718300c62da/wrapt-2.0.1-cp314-cp314t-win_arm64.whl", hash = "sha256:35cdbd478607036fee40273be8ed54a451f5f23121bd9d4be515158f9498f7ad", size = 60634, upload-time = "2025-11-07T00:45:02.087Z" },
    { url = "https://files.pythonhosted.org/packages/15/d1/b51471c11592ff9c012bd3e2f7334a6ff2f42a7aed2caffcf0bdddc9cb89/wrapt-2.0.1-py3-none-any.whl", hash = "sha256:4d2ce1bf1a48c5277d7969259232b57645aae5686dba1eaeade39442277afbca", size = 44046, upload-time = "2025-11-07T00:45:32.116Z" },
]

[[package]]
name = "zipp"
version = "3.23.0"
source = { registry = "https://pypi.org/simple" }
sdist = { url = "https://files.pythonhosted.org/packages/e3/02/0f2892c661036d50ede074e376733dca2ae7c6eb617489437771209d4180/zipp-3.23.0.tar.gz", hash = "sha256:a07157588a12518c9d4034df3fbbee09c814741a33ff63c05fa29d26a2404166", size = 25547, upload-time = "2025-06-08T17:06:39.4Z" }
wheels = [
    { url = "https://files.pythonhosted.org/packages/2e/54/647ade08bf0db230bfea292f893923872fd20be6ac6f53b2b936ba839d75/zipp-3.23.0-py3-none-any.whl", hash = "sha256:071652d6115ed432f5ce1d34c336c0adfd6a884660d1e9712a256d3d3bd4b14e", size = 10276, upload-time = "2025-06-08T17:06:38.034Z" },
]
