version = 1
revision = 3
requires-python = ">=3.14"

[[package]]
name = "bacasable"
version = "0.1.0"
source = { virtual = "." }
dependencies = [
    { name = "ddtrace" },
]

[package.metadata]
requires-dist = [{ name = "ddtrace", specifier = "==4.3.0" }]

[[package]]
name = "bytecode"
version = "0.17.0"
source = { registry = "https://pypi.org/simple" }
sdist = { url = "https://files.pythonhosted.org/packages/98/c4/4818b392104bd426171fc2ce9c79c8edb4019ba6505747626d0f7107766c/bytecode-0.17.0.tar.gz", hash = "sha256:0c37efa5bd158b1b873f530cceea2c645611d55bd2dc2a4758b09f185749b6fd", size = 105863, upload-time = "2025-09-03T19:55:45.703Z" }
wheels = [
    { url = "https://files.pythonhosted.org/packages/ce/80/379e685099841f8501a19fb58b496512ef432331fed38276c3938ab09d8e/bytecode-0.17.0-py3-none-any.whl", hash = "sha256:64fb10cde1db7ef5cc39bd414ecebd54ba3b40e1c4cf8121ca5e72f170916ff8", size = 43045, upload-time = "2025-09-03T19:55:43.879Z" },
]

[[package]]
name = "ddtrace"
version = "4.3.0"
source = { registry = "https://pypi.org/simple" }
dependencies = [
    { name = "bytecode" },
    { name = "envier" },
    { name = "opentelemetry-api" },
    { name = "wrapt" },
]
sdist = { url = "https://files.pythonhosted.org/packages/bc/d0/0690d1b88b936ab31219ca9078859316185989be0d186ff33896f3191d39/ddtrace-4.3.0.tar.gz", hash = "sha256:366bc941a20137e6f5bff22aefd6a221ca15f1b087c31bf28fce448619f443b4", size = 7085760, upload-time = "2026-01-27T20:55:27.878Z" }
wheels = [
    { url = "https://files.pythonhosted.org/packages/82/75/10b07479800a5a8947fd0e79001b009bded2a17ea5af96865d677eb91a98/ddtrace-4.3.0-cp314-cp314-macosx_14_0_arm64.whl", hash = "sha256:e26eb6de7eda425d75f5a1f55e55ad2d13e56f51b43c4b656478367a6692e0bd", size = 6904866, upload-time = "2026-01-27T20:54:38.633Z" },
    { url = "https://files.pythonhosted.org/packages/0e/b2/37f8cf8f57d17f350d2ab86ee814fc5b6c600d0ea2ee2ea8f96be1178cd0/ddtrace-4.3.0-cp314-cp314-macosx_14_0_x86_64.whl", hash = "sha256:f7ce739a6ef9b4d210a746327d377234b1996080028eddbe9c6a1f35193c348e", size = 7329967, upload-time = "2026-01-27T20:54:41.296Z" },
    { url = "https://files.pythonhosted.org/packages/19/c7/61b9a857f7b43234b896fd5e80d994f9efa007b0980887bf6d4d48ab6c20/ddtrace-4.3.0-cp314-cp314-manylinux2014_aarch64.manylinux_2_17_aarch64.whl", hash = "sha256:0dff123cc9e39ff393c164198bb166270bcc826a87009af9b4f1431653aef531", size = 7721410, upload-time = "2026-01-27T20:54:43.85Z" },
    { url = "https://files.pythonhosted.org/packages/e1/38/c2e18f707ec222aa33af297dba967b2423559b058b92bfd0e6fd00c74a14/ddtrace-4.3.0-cp314-cp314-manylinux2014_x86_64.manylinux_2_17_x86_64.whl", hash = "sha256:80a75fdf1d1717ea6e9d32d33019d0e76c2a38ea55b03dcbb45ad1af5f19079a", size = 8001195, upload-time = "2026-01-27T20:54:46.63Z" },
    { url = "https://files.pythonhosted.org/packages/32/2c/5912ad2ec39f8fa9250fa3f862156de00dbce86a702bf6e78f95f6ef1de7/ddtrace-4.3.0-cp314-cp314-musllinux_1_2_aarch64.whl", hash = "sha256:074ac2d7a5f7dfa719b36a442b9b08842e698aa50061812a917c92141e020e1c", size = 8738876, upload-time = "2026-01-27T20:54:49.294Z" },
    { url = "https://files.pythonhosted.org/packages/af/0c/5a4098c258da2cc97160fb1735f57bad6048c6c980d24ecf8e58232fb15d/ddtrace-4.3.0-cp314-cp314-musllinux_1_2_x86_64.whl", hash = "sha256:7c2a15dd28081ab305f9b7463446fa1bb4d3339744b8bff044837039726b1115", size = 9070879, upload-time = "2026-01-27T20:54:52.155Z" },
    { url = "https://files.pythonhosted.org/packages/a1/0b/60ab4556ef979a2d8b48328d778c2f521648f9ebf0518175d6cb61ae60ea/ddtrace-4.3.0-cp314-cp314-win32.whl", hash = "sha256:ce347b54d57686a90f36fb419f778379a00ce5d5ba6aacb79ccfde6c5f3e05b4", size = 5199611, upload-time = "2026-01-27T20:54:55.326Z" },
    { url = "https://files.pythonhosted.org/packages/0b/9d/dd17ae53fa30abc5ec0d4e53fd78768fef745acd3c2cc5067b75eb49af69/ddtrace-4.3.0-cp314-cp314-win_amd64.whl", hash = "sha256:cbeb4e4d2ec5eab248e34432f24e7d318f55031d3a6d39b540ebdebf51e55080", size = 5774168, upload-time = "2026-01-27T20:54:58.196Z" },
    { url = "https://files.pythonhosted.org/packages/3a/29/85c3372abf028f4c8da9f485bc814100e04c6e1b1b92db49bcb497ef0023/ddtrace-4.3.0-cp314-cp314-win_arm64.whl", hash = "sha256:d4b1c98336fd7b096b0b3a7baa095efba67919e6b4cafafe2cae16b17306dc30", size = 5500574, upload-time = "2026-01-27T20:55:00.865Z" },
]

[[package]]
name = "envier"
version = "0.6.1"
source = { registry = "https://pypi.org/simple" }
sdist = { url = "https://files.pythonhosted.org/packages/19/e7/4fe4d3f6e21213cea9bcddc36ba60e6ae4003035f9ce8055e6a9f0322ddb/envier-0.6.1.tar.gz", hash = "sha256:3309a01bb3d8850c9e7a31a5166d5a836846db2faecb79b9cb32654dd50ca9f9", size = 10063, upload-time = "2024-10-22T09:56:47.226Z" }
wheels = [
    { url = "https://files.pythonhosted.org/packages/56/e9/30493b1cc967f7c07869de4b2ab3929151a58e6bb04495015554d24b61db/envier-0.6.1-py3-none-any.whl", hash = "sha256:73609040a76be48bbcb97074d9969666484aa0de706183a6e9ef773156a8a6a9", size = 10638, upload-time = "2024-10-22T09:56:45.968Z" },
]

[[package]]
name = "importlib-metadata"
version = "8.7.1"
source = { registry = "https://pypi.org/simple" }
dependencies = [
    { name = "zipp" },
]
sdist = { url = "https://files.pythonhosted.org/packages/f3/49/3b30cad09e7771a4982d9975a8cbf64f00d4a1ececb53297f1d9a7be1b10/importlib_metadata-8.7.1.tar.gz", hash = "sha256:49fef1ae6440c182052f407c8d34a68f72efc36db9ca90dc0113398f2fdde8bb", size = 57107, upload-time = "2025-12-21T10:00:19.278Z" }
wheels = [
    { url = "https://files.pythonhosted.org/packages/fa/5e/f8e9a1d23b9c20a551a8a02ea3637b4642e22c2626e3a13a9a29cdea99eb/importlib_metadata-8.7.1-py3-none-any.whl", hash = "sha256:5a1f80bf1daa489495071efbb095d75a634cf28a8bc299581244063b53176151", size = 27865, upload-time = "2025-12-21T10:00:18.329Z" },
]

[[package]]
name = "opentelemetry-api"
version = "1.39.1"
source = { registry = "https://pypi.org/simple" }
dependencies = [
    { name = "importlib-metadata" },
    { name = "typing-extensions" },
]
sdist = { url = "https://files.pythonhosted.org/packages/97/b9/3161be15bb8e3ad01be8be5a968a9237c3027c5be504362ff800fca3e442/opentelemetry_api-1.39.1.tar.gz", hash = "sha256:fbde8c80e1b937a2c61f20347e91c0c18a1940cecf012d62e65a7caf08967c9c", size = 65767, upload-time = "2025-12-11T13:32:39.182Z" }
wheels = [
    { url = "https://files.pythonhosted.org/packages/cf/df/d3f1ddf4bb4cb50ed9b1139cc7b1c54c34a1e7ce8fd1b9a37c0d1551a6bd/opentelemetry_api-1.39.1-py3-none-any.whl", hash = "sha256:2edd8463432a7f8443edce90972169b195e7d6a05500cd29e6d13898187c9950", size = 66356, upload-time = "2025-12-11T13:32:17.304Z" },
]

[[package]]
name = "typing-extensions"
version = "4.15.0"
source = { registry = "https://pypi.org/simple" }
sdist = { url = "https://files.pythonhosted.org/packages/72/94/1a15dd82efb362ac84269196e94cf00f187f7ed21c242792a923cdb1c61f/typing_extensions-4.15.0.tar.gz", hash = "sha256:0cea48d173cc12fa28ecabc3b837ea3cf6f38c6d1136f85cbaaf598984861466", size = 109391, upload-time = "2025-08-25T13:49:26.313Z" }
wheels = [
    { url = "https://files.pythonhosted.org/packages/18/67/36e9267722cc04a6b9f15c7f3441c2363321a3ea07da7ae0c0707beb2a9c/typing_extensions-4.15.0-py3-none-any.whl", hash = "sha256:f0fa19c6845758ab08074a0cfa8b7aecb71c999ca73d62883bc25cc018c4e548", size = 44614, upload-time = "2025-08-25T13:49:24.86Z" },
]

[[package]]
name = "wrapt"
version = "2.1.0"
source = { registry = "https://pypi.org/simple" }
sdist = { url = "https://files.pythonhosted.org/packages/86/31/afb4cf08b9892430ec419a3f0f469fb978cb013f4432e0edb9c2cf06f081/wrapt-2.1.0.tar.gz", hash = "sha256:757ff1de7e1d8db1839846672aaecf4978af433cc57e808255b83980e9651914", size = 80924, upload-time = "2026-01-31T23:25:58.917Z" }
wheels = [
    { url = "https://files.pythonhosted.org/packages/6f/eb/7c9eb1ea9b10ea98d9983a147c877a2ae927acb4a86e2dc4a0b548f05ad1/wrapt-2.1.0-cp314-cp314-macosx_10_15_x86_64.whl", hash = "sha256:7f7bf95bae7ac5f2bbcb307464b3b0ff70569dd3b036a87b1cf7efb2c76e66e5", size = 61316, upload-time = "2026-01-31T23:25:20.739Z" },
    { url = "https://files.pythonhosted.org/packages/6d/c2/1c3d16d6b644f688913a00e2dc10f59adca817b5b3ee034ce4e9a692ab63/wrapt-2.1.0-cp314-cp314-macosx_11_0_arm64.whl", hash = "sha256:be2f541a242818829526e5d08c716b6730970ed0dc1b76ba962a546947d0f005", size = 61813, upload-time = "2026-01-31T23:25:49.714Z" },
    { url = "https://files.pythonhosted.org/packages/8c/51/b6170084b6b771cc62374d924e328df2e81f687399a835f003497cad1110/wrapt-2.1.0-cp314-cp314-manylinux1_x86_64.manylinux_2_28_x86_64.manylinux_2_5_x86_64.whl", hash = "sha256:ad3aa174d06a14b4758d5a1678b9adde8b8e657c6695de9a3d4c223f4fcbbcce", size = 120309, upload-time = "2026-01-31T23:25:16.866Z" },
    { url = "https://files.pythonhosted.org/packages/f8/34/467829f0dd79f50878b2e67b67c67c816a6326a27d252d4192ef815b4a09/wrapt-2.1.0-cp314-cp314-manylinux2014_aarch64.manylinux_2_17_aarch64.manylinux_2_28_aarch64.whl", hash = "sha256:bffa584240d41bc3127510e07a752f94223d73bb1283ac2e99ac44235762efd2", size = 122690, upload-time = "2026-01-31T23:26:16.914Z" },
    { url = "https://files.pythonhosted.org/packages/df/5b/244c61a65e0bc9d4a18cfa2a2b3b05f8065290284fc60436a7ea5047ee10/wrapt-2.1.0-cp314-cp314-musllinux_1_2_aarch64.whl", hash = "sha256:9b2da9c8f1723994b335dbf9f496fbfabc76bcdd001f73772b8eb2118a714cea", size = 121115, upload-time = "2026-01-31T23:26:44.518Z" },
    { url = "https://files.pythonhosted.org/packages/86/7d/f9b5e103d3caf23a72c04a1baf2b61c4a14d1feb440d3c98c26725b4503a/wrapt-2.1.0-cp314-cp314-musllinux_1_2_x86_64.whl", hash = "sha256:eabe95ea5fbe1524a53c0f3fc535c99f2aa376ec1451b0b79d943d2240d80e36", size = 119487, upload-time = "2026-01-31T23:25:34.186Z" },
    { url = "https://files.pythonhosted.org/packages/f8/49/b61fdc4680dd5cd6828977341b9fd729e2c623338bfe65647f5c0ff8195e/wrapt-2.1.0-cp314-cp314-win32.whl", hash = "sha256:2cd647097df1df78f027ac7d5d663f05daa1a117b69cf7f476cb299f90557747", size = 58519, upload-time = "2026-01-31T23:25:04.426Z" },
    { url = "https://files.pythonhosted.org/packages/6a/4f/42ab43e496d0d19caed9f69366d0f28f7f08c139297e78b17dab6ecbb6d5/wrapt-2.1.0-cp314-cp314-win_amd64.whl", hash = "sha256:c0fc3e388a14ef8101c685dc80b4d2932924a639a03e5c44b5ffabbda2f1f2dc", size = 60767, upload-time = "2026-01-31T23:25:21.954Z" },
    { url = "https://files.pythonhosted.org/packages/ef/15/0337768ac97a8758bc0fc1afdf5f656075a7facf198f62bbe8a22b789277/wrapt-2.1.0-cp314-cp314-win_arm64.whl", hash = "sha256:7c06653908a23a85c4b2455b9d37c085f9756c09058df87b4a2fce2b2f8d58c2", size = 59056, upload-time = "2026-01-31T23:26:25.814Z" },
    { url = "https://files.pythonhosted.org/packages/d6/f1/58f4674d1db44912003a51b34e8d9823a832fbbb39162e9dbe06e5f6424e/wrapt-2.1.0-cp314-cp314t-macosx_10_15_x86_64.whl", hash = "sha256:c70b4829c6f2f4af4cdaa16442032fcaf882063304160555e4a19b43fd2c6c9d", size = 63061, upload-time = "2026-01-31T23:26:06.601Z" },
    { url = "https://files.pythonhosted.org/packages/02/c1/07f6bf6619285f39cd616314217170c6160da99a46ad6ae4a60044f6ab5a/wrapt-2.1.0-cp314-cp314t-macosx_11_0_arm64.whl", hash = "sha256:d7fd4c4ee51ebdf245549d54a7c2181a4f39caac97c9dc8a050b5ba814067a29", size = 63620, upload-time = "2026-01-31T23:25:30.326Z" },
    { url = "https://files.pythonhosted.org/packages/46/82/f7df1648762260f60c4e22c066a17d95f20267c94bfe653fab4f08e2c297/wrapt-2.1.0-cp314-cp314t-manylinux1_x86_64.manylinux_2_28_x86_64.manylinux_2_5_x86_64.whl", hash = "sha256:a7b158558438874e5fd5cb505b5a635bd08c84857bc937973d9e12e1166cdf3b", size = 152546, upload-time = "2026-01-31T23:25:02.102Z" },
    { url = "https://files.pythonhosted.org/packages/78/b7/d953336e09bac13a9ffa9073e167c5dec8aaa4a717a8551bf64cb4683590/wrapt-2.1.0-cp314-cp314t-manylinux2014_aarch64.manylinux_2_17_aarch64.manylinux_2_28_aarch64.whl", hash = "sha256:3e2e156fe2d41700b837be9b1d8d80ebab44e9891589bc7c41578ef110184e29", size = 158704, upload-time = "2026-01-31T23:25:43.269Z" },
    { url = "https://files.pythonhosted.org/packages/39/a1/2ed57e46b30af2a5a750c85a9dd30d2244ef10e2f8db150560126d8cbd24/wrapt-2.1.0-cp314-cp314t-musllinux_1_2_aarch64.whl", hash = "sha256:9f1e9bac6a6c1ba65e0ac50e32c575266734a07b6c17e718c4babd91e2faa69b", size = 155563, upload-time = "2026-01-31T23:25:39.17Z" },
    { url = "https://files.pythonhosted.org/packages/d0/8c/4f54f7ea5addf208be44459393185aaa193bd2d0b8ecf4683b159fcc5238/wrapt-2.1.0-cp314-cp314t-musllinux_1_2_x86_64.whl", hash = "sha256:12687e6271df7ae5706bee44cc1f77fecb7805976ec9f14f58381b30ae2aceb5", size = 150189, upload-time = "2026-01-31T23:25:44.654Z" },
    { url = "https://files.pythonhosted.org/packages/b7/cc/e8290a1cd94297fbc1e9fbad06481b5a7c918f2db6645c550f05ee47f359/wrapt-2.1.0-cp314-cp314t-win32.whl", hash = "sha256:38bbe336ee32f67eb99f886bd4f040d91310b7e660061bb03b9083d26e8cf915", size = 60431, upload-time = "2026-01-31T23:25:48.34Z" },
    { url = "https://files.pythonhosted.org/packages/d0/df/af5d244938853e3adb1251ca1397e9fa78d3e92adc808a0af0a8547585d3/wrapt-2.1.0-cp314-cp314t-win_amd64.whl", hash = "sha256:0fa64a9a07df7f85b352adc42b43e7f44085fb11191b8f5b9b77219f7aaf7e17", size = 63859, upload-time = "2026-01-31T23:26:23.2Z" },
    { url = "https://files.pythonhosted.org/packages/39/c4/28b6f2804e8bc05d17114dfed03a80bce5b83ca2113fd44eecbef12275d1/wrapt-2.1.0-cp314-cp314t-win_arm64.whl", hash = "sha256:da379cbdf3b7d97ace33a69a391b7a7e2130b1aca94dc447246217994233974c", size = 60446, upload-time = "2026-01-31T23:25:41.001Z" },
    { url = "https://files.pythonhosted.org/packages/57/e9/70983b75d4abd6f85cffc6df79c623220ec5a579ceaacabac35c904b7b52/wrapt-2.1.0-py3-none-any.whl", hash = "sha256:e035693a0d25ea5bf5826df3e203dff7d091b0d5442aaefec9ca8f2bab38417f", size = 43886, upload-time = "2026-01-31T23:25:07.22Z" },
]

[[package]]
name = "zipp"
version = "3.23.0"
source = { registry = "https://pypi.org/simple" }
sdist = { url = "https://files.pythonhosted.org/packages/e3/02/0f2892c661036d50ede074e376733dca2ae7c6eb617489437771209d4180/zipp-3.23.0.tar.gz", hash = "sha256:a07157588a12518c9d4034df3fbbee09c814741a33ff63c05fa29d26a2404166", size = 25547, upload-time = "2025-06-08T17:06:39.4Z" }
wheels = [
    { url = "https://files.pythonhosted.org/packages/2e/54/647ade08bf0db230bfea292f893923872fd20be6ac6f53b2b936ba839d75/zipp-3.23.0-py3-none-any.whl", hash = "sha256:071652d6115ed432f5ce1d34c336c0adfd6a884660d1e9712a256d3d3bd4b14e", size = 10276, upload-time = "2025-06-08T17:06:38.034Z" },
]
